
Microsoft Visual Studio Solution File, Format Version 10.00
# Visual Studio 2008
Project("{F184B08F-C81C-45F6-A57F-5ABD9991F28F}") = "MBFEEDBACK", "MBFEEDBACK\MBFEEDBACK.vbproj", "{50218B25-1664-4109-BCDD-8917D0AFAB01}"
EndProject
Project("{F184B08F-C81C-45F6-A57F-5ABD9991F28F}") = "HYDROC01", "..\..\..\sobektools\HYDROC01\HYDROC01\HYDROC01.vbproj", "{9DCE2960-835C-4462-849A-58FB0900920B}"
EndProject
Project("{54435603-DBB4-11D2-8724-00A0C9A8B90C}") = "FEEDBACK", "..\FEEDBACK\FEEDBACK.vdproj", "{B0A18E78-67F8-40BC-AA64-061D0CB2970E}"
EndProject
Global
	GlobalSection(SolutionConfigurationPlatforms) = preSolution
		Debug|Any CPU = Debug|Any CPU
		Debug|x64 = Debug|x64
		Debug|x86 = Debug|x86
		Release|Any CPU = Release|Any CPU
		Release|x64 = Release|x64
		Release|x86 = Release|x86
	EndGlobalSection
	GlobalSection(ProjectConfigurationPlatforms) = postSolution
		{50218B25-1664-4109-BCDD-8917D0AFAB01}.Debug|Any CPU.ActiveCfg = Debug|Any CPU
		{50218B25-1664-4109-BCDD-8917D0AFAB01}.Debug|Any CPU.Build.0 = Debug|Any CPU
		{50218B25-1664-4109-BCDD-8917D0AFAB01}.Debug|x64.ActiveCfg = Debug|Any CPU
		{50218B25-1664-4109-BCDD-8917D0AFAB01}.Debug|x86.ActiveCfg = Debug|Any CPU
		{50218B25-1664-4109-BCDD-8917D0AFAB01}.Release|Any CPU.ActiveCfg = Release|Any CPU
		{50218B25-1664-4109-BCDD-8917D0AFAB01}.Release|Any CPU.Build.0 = Release|Any CPU
		{50218B25-1664-4109-BCDD-8917D0AFAB01}.Release|x64.ActiveCfg = Release|Any CPU
		{50218B25-1664-4109-BCDD-8917D0AFAB01}.Release|x86.ActiveCfg = Release|x86
		{50218B25-1664-4109-BCDD-8917D0AFAB01}.Release|x86.Build.0 = Release|x86
		{9DCE2960-835C-4462-849A-58FB0900920B}.Debug|Any CPU.ActiveCfg = Debug|Any CPU
		{9DCE2960-835C-4462-849A-58FB0900920B}.Debug|Any CPU.Build.0 = Debug|Any CPU
		{9DCE2960-835C-4462-849A-58FB0900920B}.Debug|x64.ActiveCfg = Debug|x64
		{9DCE2960-835C-4462-849A-58FB0900920B}.Debug|x64.Build.0 = Debug|x64
		{9DCE2960-835C-4462-849A-58FB0900920B}.Debug|x86.ActiveCfg = Debug|x86
		{9DCE2960-835C-4462-849A-58FB0900920B}.Debug|x86.Build.0 = Debug|x86
		{9DCE2960-835C-4462-849A-58FB0900920B}.Release|Any CPU.ActiveCfg = Release|Any CPU
		{9DCE2960-835C-4462-849A-58FB0900920B}.Release|Any CPU.Build.0 = Release|Any CPU
		{9DCE2960-835C-4462-849A-58FB0900920B}.Release|x64.ActiveCfg = Release|x64
		{9DCE2960-835C-4462-849A-58FB0900920B}.Release|x64.Build.0 = Release|x64
		{9DCE2960-835C-4462-849A-58FB0900920B}.Release|x86.ActiveCfg = Release|x86
		{9DCE2960-835C-4462-849A-58FB0900920B}.Release|x86.Build.0 = Release|x86
		{B0A18E78-67F8-40BC-AA64-061D0CB2970E}.Debug|Any CPU.ActiveCfg = Debug
		{B0A18E78-67F8-40BC-AA64-061D0CB2970E}.Debug|x64.ActiveCfg = Debug
		{B0A18E78-67F8-40BC-AA64-061D0CB2970E}.Debug|x86.ActiveCfg = Debug
		{B0A18E78-67F8-40BC-AA64-061D0CB2970E}.Release|Any CPU.ActiveCfg = Release
		{B0A18E78-67F8-40BC-AA64-061D0CB2970E}.Release|x64.ActiveCfg = Release
		{B0A18E78-67F8-40BC-AA64-061D0CB2970E}.Release|x86.ActiveCfg = Release
	EndGlobalSection
	GlobalSection(SolutionProperties) = preSolution
		HideSolutionNode = FALSE
	EndGlobalSection
EndGlobal
